{
  "version": 4,
  "terraform_version": "0.13.2",
  "serial": 10,
  "lineage": "d188dbd8-0321-702b-9e5b-b52411833bc1",
  "outputs": {},
  "resources": [
    {
      "mode": "managed",
      "type": "openstack_compute_instance_v2",
      "name": "suse-image-vm",
      "provider": "provider[\"registry.terraform.io/terraform-providers/openstack\"]",
      "instances": [
        {
          "index_key": 0,
          "schema_version": 0,
          "attributes": {
            "access_ip_v4": "192.168.0.19",
            "access_ip_v6": "",
            "admin_pass": null,
            "all_metadata": {},
            "all_tags": [],
            "availability_zone": "nova",
            "availability_zone_hints": null,
            "block_device": [],
            "config_drive": null,
            "flavor_id": "c1",
            "flavor_name": "cirros256",
            "floating_ip": null,
            "force_delete": false,
            "id": "dd0bc41c-9277-4605-bb7b-e125605ec663",
            "image_id": "d4543b50-a721-401a-8f58-38a861a3786c",
            "image_name": "cirros-0.3.5-x86_64-disk",
            "key_pair": "admin",
            "metadata": null,
            "name": "suse-image-vm",
            "network": [
              {
                "access_network": false,
                "fixed_ip_v4": "192.168.0.19",
                "fixed_ip_v6": "",
                "floating_ip": "",
                "mac": "fa:16:3e:af:00:4d",
                "name": "fdc_network",
                "port": "",
                "uuid": "13f04f21-2eb9-4b8e-8f04-08097829cbdb"
              }
            ],
            "personality": [],
            "power_state": "active",
            "region": "",
            "scheduler_hints": [],
            "security_groups": [
              "a35395e1-0d97-45f0-ac76-3da9c3265025"
            ],
            "stop_before_destroy": false,
            "tags": null,
            "timeouts": null,
            "user_data": null,
            "vendor_options": [],
            "volume": []
          },
          "private": "eyJlMmJmYjczMC1lY2FhLTExZTYtOGY4OC0zNDM2M2JjN2M0YzAiOnsiY3JlYXRlIjoxODAwMDAwMDAwMDAwLCJkZWxldGUiOjE4MDAwMDAwMDAwMDAsInVwZGF0ZSI6MTgwMDAwMDAwMDAwMH19",
          "dependencies": [
            "openstack_networking_network_v2.fdc_network",
            "openstack_networking_secgroup_v2.my_secgroup"
          ]
        }
      ]
    },
    {
      "mode": "managed",
      "type": "openstack_compute_keypair_v2",
      "name": "key",
      "provider": "provider[\"registry.terraform.io/terraform-providers/openstack\"]",
      "instances": [
        {
          "schema_version": 0,
          "attributes": {
            "fingerprint": "60:ea:72:0c:01:37:9e:7a:ea:c8:00:97:ec:4c:9d:40",
            "id": "admin",
            "name": "admin",
            "private_key": "",
            "public_key": "ssh-rsa AAAAB3NzaC1yc2EAAAADAQABAAABAQDT2NsV2kE0nCHaCTGqw8MQvMClV0eNB8sWCFraN8qIcGPodAHALI+FXnkx9kaNnYQVmxtS5kPLUDkrKml+flkXWsHP/3gCR3kp1wr9eePA8vxzIa6XdQRLiHjTghLKzwND4mPwloY4Jbb43+jHbZ8ZC5GYE0BdWWCLRLQyIAhAeLgECksR07+4gtOMoNJAHnbpyYO5E8Ludt9Stl+YABiJQNckJted9EtBv6LyHAalLAl+Bi8X4GJaIrALCZeo1p1qqK3RRXouaV1hpYI2HxAWAwLxhLH61gQ4UJyN1abYN3qAvWVohREc5dev6B4Bn1aBLnJENhkL1GrwAm6Sp9nh palash@openstack\n",
            "region": "",
            "value_specs": null
          },
          "private": "bnVsbA=="
        }
      ]
    },
    {
      "mode": "managed",
      "type": "openstack_networking_floatingip_v2",
      "name": "fip_1",
      "provider": "provider[\"registry.terraform.io/terraform-providers/openstack\"]",
      "instances": [
        {
          "index_key": 0,
          "schema_version": 0,
          "attributes": {
            "address": "172.24.4.10",
            "all_tags": [],
            "description": "",
            "dns_domain": "",
            "dns_name": "",
            "fixed_ip": "",
            "id": "b150b677-b446-4f0e-b268-6e76077677cf",
            "pool": "public",
            "port_id": "",
            "region": "",
            "subnet_id": null,
            "tags": null,
            "tenant_id": "9df58947c8db45cc91c173630343ffbe",
            "timeouts": null,
            "value_specs": null
          },
          "private": "eyJlMmJmYjczMC1lY2FhLTExZTYtOGY4OC0zNDM2M2JjN2M0YzAiOnsiY3JlYXRlIjo2MDAwMDAwMDAwMDAsImRlbGV0ZSI6NjAwMDAwMDAwMDAwfX0="
        }
      ]
    },
    {
      "mode": "managed",
      "type": "openstack_networking_network_v2",
      "name": "fdc_network",
      "provider": "provider[\"registry.terraform.io/terraform-providers/openstack\"]",
      "instances": [
        {
          "schema_version": 0,
          "attributes": {
            "admin_state_up": true,
            "all_tags": [],
            "availability_zone_hints": [],
            "description": "",
            "dns_domain": "",
            "external": false,
            "id": "13f04f21-2eb9-4b8e-8f04-08097829cbdb",
            "mtu": 1450,
            "name": "fdc_network",
            "port_security_enabled": true,
            "qos_policy_id": "",
            "region": "",
            "segments": [],
            "shared": false,
            "tags": null,
            "tenant_id": "9df58947c8db45cc91c173630343ffbe",
            "timeouts": null,
            "transparent_vlan": false,
            "value_specs": null
          },
          "private": "eyJlMmJmYjczMC1lY2FhLTExZTYtOGY4OC0zNDM2M2JjN2M0YzAiOnsiY3JlYXRlIjo2MDAwMDAwMDAwMDAsImRlbGV0ZSI6NjAwMDAwMDAwMDAwfX0="
        }
      ]
    },
    {
      "mode": "managed",
      "type": "openstack_networking_router_interface_v2",
      "name": "fdc_network_itf",
      "provider": "provider[\"registry.terraform.io/terraform-providers/openstack\"]",
      "instances": [
        {
          "schema_version": 0,
          "attributes": {
            "id": "8bfbfef8-f319-4917-a3e7-c5b94faf37b2",
            "port_id": "8bfbfef8-f319-4917-a3e7-c5b94faf37b2",
            "region": "",
            "router_id": "b2d46411-7b24-453a-a575-451386df3a06",
            "subnet_id": "05ee61c2-a4c2-47f5-aac6-14a5f36b6bc5",
            "timeouts": null
          },
          "private": "eyJlMmJmYjczMC1lY2FhLTExZTYtOGY4OC0zNDM2M2JjN2M0YzAiOnsiY3JlYXRlIjo2MDAwMDAwMDAwMDAsImRlbGV0ZSI6NjAwMDAwMDAwMDAwfX0=",
          "dependencies": [
            "openstack_networking_network_v2.fdc_network",
            "openstack_networking_router_v2.fdc_router",
            "openstack_networking_subnet_v2.fdc_subnet"
          ]
        }
      ]
    },
    {
      "mode": "managed",
      "type": "openstack_networking_router_v2",
      "name": "fdc_router",
      "provider": "provider[\"registry.terraform.io/terraform-providers/openstack\"]",
      "instances": [
        {
          "schema_version": 0,
          "attributes": {
            "admin_state_up": true,
            "all_tags": [],
            "availability_zone_hints": [],
            "description": "",
            "distributed": false,
            "enable_snat": true,
            "external_fixed_ip": [
              {
                "ip_address": "172.24.4.24",
                "subnet_id": "b1e88307-13aa-4832-a29a-b25ff701742f"
              },
              {
                "ip_address": "2001:db8::9",
                "subnet_id": "5f81df9b-7fc3-4d67-a627-d1ee5bcacc85"
              }
            ],
            "external_gateway": "56dc6f1f-3151-4dc5-8e64-384feee78ee2",
            "external_network_id": "56dc6f1f-3151-4dc5-8e64-384feee78ee2",
            "id": "b2d46411-7b24-453a-a575-451386df3a06",
            "name": "fdc_router",
            "region": "",
            "tags": null,
            "tenant_id": "9df58947c8db45cc91c173630343ffbe",
            "timeouts": null,
            "value_specs": null,
            "vendor_options": []
          },
          "private": "eyJlMmJmYjczMC1lY2FhLTExZTYtOGY4OC0zNDM2M2JjN2M0YzAiOnsiY3JlYXRlIjo2MDAwMDAwMDAwMDAsImRlbGV0ZSI6NjAwMDAwMDAwMDAwfX0="
        }
      ]
    },
    {
      "mode": "managed",
      "type": "openstack_networking_secgroup_rule_v2",
      "name": "rule1",
      "provider": "provider[\"registry.terraform.io/terraform-providers/openstack\"]",
      "instances": [
        {
          "schema_version": 0,
          "attributes": {
            "description": "",
            "direction": "ingress",
            "ethertype": "IPv4",
            "id": "3acd78ff-e892-41f0-9dc2-831ee59421e5",
            "port_range_max": 0,
            "port_range_min": 0,
            "protocol": "",
            "region": "",
            "remote_group_id": "",
            "remote_ip_prefix": "",
            "security_group_id": "a35395e1-0d97-45f0-ac76-3da9c3265025",
            "tenant_id": "9df58947c8db45cc91c173630343ffbe",
            "timeouts": null
          },
          "private": "eyJlMmJmYjczMC1lY2FhLTExZTYtOGY4OC0zNDM2M2JjN2M0YzAiOnsiZGVsZXRlIjo2MDAwMDAwMDAwMDB9fQ==",
          "dependencies": [
            "openstack_networking_secgroup_v2.my_secgroup"
          ]
        }
      ]
    },
    {
      "mode": "managed",
      "type": "openstack_networking_secgroup_v2",
      "name": "my_secgroup",
      "provider": "provider[\"registry.terraform.io/terraform-providers/openstack\"]",
      "instances": [
        {
          "schema_version": 0,
          "attributes": {
            "all_tags": [],
            "delete_default_rules": null,
            "description": "Allow all",
            "id": "a35395e1-0d97-45f0-ac76-3da9c3265025",
            "name": "my_secgroup",
            "region": "",
            "tags": null,
            "tenant_id": "9df58947c8db45cc91c173630343ffbe",
            "timeouts": null
          },
          "private": "eyJlMmJmYjczMC1lY2FhLTExZTYtOGY4OC0zNDM2M2JjN2M0YzAiOnsiZGVsZXRlIjo2MDAwMDAwMDAwMDB9fQ=="
        }
      ]
    },
    {
      "mode": "managed",
      "type": "openstack_networking_subnet_v2",
      "name": "fdc_subnet",
      "provider": "provider[\"registry.terraform.io/terraform-providers/openstack\"]",
      "instances": [
        {
          "schema_version": 0,
          "attributes": {
            "all_tags": [],
            "allocation_pool": [
              {
                "end": "192.168.0.254",
                "start": "192.168.0.2"
              }
            ],
            "allocation_pools": [
              {
                "end": "192.168.0.254",
                "start": "192.168.0.2"
              }
            ],
            "cidr": "192.168.0.0/24",
            "description": "",
            "dns_nameservers": null,
            "enable_dhcp": true,
            "gateway_ip": "192.168.0.1",
            "host_routes": [],
            "id": "05ee61c2-a4c2-47f5-aac6-14a5f36b6bc5",
            "ip_version": 4,
            "ipv6_address_mode": "",
            "ipv6_ra_mode": "",
            "name": "fdc_subnet",
            "network_id": "13f04f21-2eb9-4b8e-8f04-08097829cbdb",
            "no_gateway": false,
            "prefix_length": null,
            "region": "",
            "subnetpool_id": "",
            "tags": null,
            "tenant_id": "9df58947c8db45cc91c173630343ffbe",
            "timeouts": null,
            "value_specs": null
          },
          "private": "eyJlMmJmYjczMC1lY2FhLTExZTYtOGY4OC0zNDM2M2JjN2M0YzAiOnsiY3JlYXRlIjo2MDAwMDAwMDAwMDAsImRlbGV0ZSI6NjAwMDAwMDAwMDAwfX0=",
          "dependencies": [
            "openstack_networking_network_v2.fdc_network"
          ]
        }
      ]
    }
  ]
}
